
Microsoft Visual Studio Solution File, Format Version 12.00
# Visual Studio Version 17
VisualStudioVersion = 17.1.32328.378
MinimumVisualStudioVersion = 10.0.40219.1
Project("{FAE04EC0-301F-11D3-BF4B-00C04F79EFBC}") = "TwoThousandFortyEight", "TwoThousandFortyEight.csproj", "{496AD06B-1EE4-4EE5-B82C-44AFE9F1691E}"
EndProject
Global
	GlobalSection(SolutionConfigurationPlatforms) = preSolution
		Debug|Any CPU = Debug|Any CPU
		Release|Any CPU = Release|Any CPU
	EndGlobalSection
	GlobalSection(ProjectConfigurationPlatforms) = postSolution
		{496AD06B-1EE4-4EE5-B82C-44AFE9F1691E}.Debug|Any CPU.ActiveCfg = Debug|Any CPU
		{496AD06B-1EE4-4EE5-B82C-44AFE9F1691E}.Debug|Any CPU.Build.0 = Debug|Any CPU
		{496AD06B-1EE4-4EE5-B82C-44AFE9F1691E}.Release|Any CPU.ActiveCfg = Release|Any CPU
		{496AD06B-1EE4-4EE5-B82C-44AFE9F1691E}.Release|Any CPU.Build.0 = Release|Any CPU
	EndGlobalSection
	GlobalSection(SolutionProperties) = preSolution
		HideSolutionNode = FALSE
	EndGlobalSection
	GlobalSection(ExtensibilityGlobals) = postSolution
		SolutionGuid = {291417D9-3D79-4B1A-BAEB-051E1AB366F7}
	EndGlobalSection
EndGlobal
